// !$*UTF8*$!
{
	archiveVersion = 1;
	classes = {
	};
	objectVersion = 46;
	objects = {

/* Begin PBXBuildFile section */
		36BDE504194BA5FF002C24F2 /* Foundation.framework in Frameworks */ = {isa = PBXBuildFile; fileRef = 36BDE503194BA5FF002C24F2 /* Foundation.framework */; };
		36BDE506194BA5FF002C24F2 /* CoreGraphics.framework in Frameworks */ = {isa = PBXBuildFile; fileRef = 36BDE505194BA5FF002C24F2 /* CoreGraphics.framework */; };
		36BDE508194BA5FF002C24F2 /* UIKit.framework in Frameworks */ = {isa = PBXBuildFile; fileRef = 36BDE507194BA5FF002C24F2 /* UIKit.framework */; };
		36BDE50E194BA5FF002C24F2 /* InfoPlist.strings in Resources */ = {isa = PBXBuildFile; fileRef = 36BDE50C194BA5FF002C24F2 /* InfoPlist.strings */; };
		36BDE510194BA5FF002C24F2 /* main.m in Sources */ = {isa = PBXBuildFile; fileRef = 36BDE50F194BA5FF002C24F2 /* main.m */; };
		36BDE514194BA5FF002C24F2 /* DTAAppDelegate.m in Sources */ = {isa = PBXBuildFile; fileRef = 36BDE513194BA5FF002C24F2 /* DTAAppDelegate.m */; };
		36BDE517194BA5FF002C24F2 /* Main.storyboard in Resources */ = {isa = PBXBuildFile; fileRef = 36BDE515194BA5FF002C24F2 /* Main.storyboard */; };
		36BDE51A194BA5FF002C24F2 /* DTAViewController.m in Sources */ = {isa = PBXBuildFile; fileRef = 36BDE519194BA5FF002C24F2 /* DTAViewController.m */; };
		36BDE51C194BA5FF002C24F2 /* Images.xcassets in Resources */ = {isa = PBXBuildFile; fileRef = 36BDE51B194BA5FF002C24F2 /* Images.xcassets */; };
		36BDE523194BA5FF002C24F2 /* XCTest.framework in Frameworks */ = {isa = PBXBuildFile; fileRef = 36BDE522194BA5FF002C24F2 /* XCTest.framework */; };
		36BDE524194BA5FF002C24F2 /* Foundation.framework in Frameworks */ = {isa = PBXBuildFile; fileRef = 36BDE503194BA5FF002C24F2 /* Foundation.framework */; };
		36BDE525194BA5FF002C24F2 /* UIKit.framework in Frameworks */ = {isa = PBXBuildFile; fileRef = 36BDE507194BA5FF002C24F2 /* UIKit.framework */; };
		36BDE52D194BA5FF002C24F2 /* InfoPlist.strings in Resources */ = {isa = PBXBuildFile; fileRef = 36BDE52B194BA5FF002C24F2 /* InfoPlist.strings */; };
		36BDE52F194BA5FF002C24F2 /* DriveTestAppTests.m in Sources */ = {isa = PBXBuildFile; fileRef = 36BDE52E194BA5FF002C24F2 /* DriveTestAppTests.m */; };
		36BDEF0B194BA874002C24F2 /* libGTLTouchStaticLib.a in Frameworks */ = {isa = PBXBuildFile; fileRef = 36BDEEF5194BA82B002C24F2 /* libGTLTouchStaticLib.a */; };
		36BDEF0D194BA87E002C24F2 /* Security.framework in Frameworks */ = {isa = PBXBuildFile; fileRef = 36BDEF0C194BA87E002C24F2 /* Security.framework */; };
		36BDEF0F194BA883002C24F2 /* MobileCoreServices.framework in Frameworks */ = {isa = PBXBuildFile; fileRef = 36BDEF0E194BA883002C24F2 /* MobileCoreServices.framework */; };
		36BDEF11194BA88E002C24F2 /* SystemConfiguration.framework in Frameworks */ = {isa = PBXBuildFile; fileRef = 36BDEF10194BA88E002C24F2 /* SystemConfiguration.framework */; };
		36BDEF13194BA9A3002C24F2 /* GTMOAuth2ViewTouch.xib in Resources */ = {isa = PBXBuildFile; fileRef = 36BDEF12194BA9A3002C24F2 /* GTMOAuth2ViewTouch.xib */; };
		36BDEF16194BA9E8002C24F2 /* GTLDrive_Sources.m in Sources */ = {isa = PBXBuildFile; fileRef = 36BDEF14194BA9E8002C24F2 /* GTLDrive_Sources.m */; };
/* End PBXBuildFile section */

/* Begin PBXContainerItemProxy section */
		36BDE526194BA5FF002C24F2 /* PBXContainerItemProxy */ = {
			isa = PBXContainerItemProxy;
			containerPortal = 36BDE4F8194BA5FF002C24F2 /* Project object */;
			proxyType = 1;
			remoteGlobalIDString = 36BDE4FF194BA5FF002C24F2;
			remoteInfo = DriveTestApp;
		};
		36BDEEF2194BA82B002C24F2 /* PBXContainerItemProxy */ = {
			isa = PBXContainerItemProxy;
			containerPortal = 36BDE539194BA827002C24F2 /* GTL.xcodeproj */;
			proxyType = 2;
			remoteGlobalIDString = 4F38F6A60B66E91D00B24B81;
			remoteInfo = GTLFramework;
		};
		36BDEEF4194BA82B002C24F2 /* PBXContainerItemProxy */ = {
			isa = PBXContainerItemProxy;
			containerPortal = 36BDE539194BA827002C24F2 /* GTL.xcodeproj */;
			proxyType = 2;
			remoteGlobalIDString = 4F12027C11A4CA2F00BEB470;
			remoteInfo = GTLTouchStaticLib;
		};
		36BDEEF6194BA82B002C24F2 /* PBXContainerItemProxy */ = {
			isa = PBXContainerItemProxy;
			containerPortal = 36BDE539194BA827002C24F2 /* GTL.xcodeproj */;
			proxyType = 2;
			remoteGlobalIDString = 4F12027D11A4CA2F00BEB470;
			remoteInfo = GTLUnitTests;
		};
		36BDEEF8194BA82B002C24F2 /* PBXContainerItemProxy */ = {
			isa = PBXContainerItemProxy;
			containerPortal = 36BDE539194BA827002C24F2 /* GTL.xcodeproj */;
			proxyType = 2;
			remoteGlobalIDString = 4F1AD9020B71603F00DC0485;
			remoteInfo = DevelopmentTestTool;
		};
/* End PBXContainerItemProxy section */

/* Begin PBXFileReference section */
		36BDE500194BA5FF002C24F2 /* DriveTestApp.app */ = {isa = PBXFileReference; explicitFileType = wrapper.application; includeInIndex = 0; path = DriveTestApp.app; sourceTree = BUILT_PRODUCTS_DIR; };
		36BDE503194BA5FF002C24F2 /* Foundation.framework */ = {isa = PBXFileReference; lastKnownFileType = wrapper.framework; name = Foundation.framework; path = System/Library/Frameworks/Foundation.framework; sourceTree = SDKROOT; };
		36BDE505194BA5FF002C24F2 /* CoreGraphics.framework */ = {isa = PBXFileReference; lastKnownFileType = wrapper.framework; name = CoreGraphics.framework; path = System/Library/Frameworks/CoreGraphics.framework; sourceTree = SDKROOT; };
		36BDE507194BA5FF002C24F2 /* UIKit.framework */ = {isa = PBXFileReference; lastKnownFileType = wrapper.framework; name = UIKit.framework; path = System/Library/Frameworks/UIKit.framework; sourceTree = SDKROOT; };
		36BDE50B194BA5FF002C24F2 /* DriveTestApp-Info.plist */ = {isa = PBXFileReference; lastKnownFileType = text.plist.xml; path = "DriveTestApp-Info.plist"; sourceTree = "<group>"; };
		36BDE50D194BA5FF002C24F2 /* en */ = {isa = PBXFileReference; lastKnownFileType = text.plist.strings; name = en; path = en.lproj/InfoPlist.strings; sourceTree = "<group>"; };
		36BDE50F194BA5FF002C24F2 /* main.m */ = {isa = PBXFileReference; lastKnownFileType = sourcecode.c.objc; path = main.m; sourceTree = "<group>"; };
		36BDE511194BA5FF002C24F2 /* DriveTestApp-Prefix.pch */ = {isa = PBXFileReference; lastKnownFileType = sourcecode.c.h; path = "DriveTestApp-Prefix.pch"; sourceTree = "<group>"; };
		36BDE512194BA5FF002C24F2 /* DTAAppDelegate.h */ = {isa = PBXFileReference; lastKnownFileType = sourcecode.c.h; path = DTAAppDelegate.h; sourceTree = "<group>"; };
		36BDE513194BA5FF002C24F2 /* DTAAppDelegate.m */ = {isa = PBXFileReference; lastKnownFileType = sourcecode.c.objc; path = DTAAppDelegate.m; sourceTree = "<group>"; };
		36BDE516194BA5FF002C24F2 /* Base */ = {isa = PBXFileReference; lastKnownFileType = file.storyboard; name = Base; path = Base.lproj/Main.storyboard; sourceTree = "<group>"; };
		36BDE518194BA5FF002C24F2 /* DTAViewController.h */ = {isa = PBXFileReference; lastKnownFileType = sourcecode.c.h; path = DTAViewController.h; sourceTree = "<group>"; };
		36BDE519194BA5FF002C24F2 /* DTAViewController.m */ = {isa = PBXFileReference; lastKnownFileType = sourcecode.c.objc; path = DTAViewController.m; sourceTree = "<group>"; };
		36BDE51B194BA5FF002C24F2 /* Images.xcassets */ = {isa = PBXFileReference; lastKnownFileType = folder.assetcatalog; path = Images.xcassets; sourceTree = "<group>"; };
		36BDE521194BA5FF002C24F2 /* DriveTestAppTests.xctest */ = {isa = PBXFileReference; explicitFileType = wrapper.cfbundle; includeInIndex = 0; path = DriveTestAppTests.xctest; sourceTree = BUILT_PRODUCTS_DIR; };
		36BDE522194BA5FF002C24F2 /* XCTest.framework */ = {isa = PBXFileReference; lastKnownFileType = wrapper.framework; name = XCTest.framework; path = Library/Frameworks/XCTest.framework; sourceTree = DEVELOPER_DIR; };
		36BDE52A194BA5FF002C24F2 /* DriveTestAppTests-Info.plist */ = {isa = PBXFileReference; lastKnownFileType = text.plist.xml; path = "DriveTestAppTests-Info.plist"; sourceTree = "<group>"; };
		36BDE52C194BA5FF002C24F2 /* en */ = {isa = PBXFileReference; lastKnownFileType = text.plist.strings; name = en; path = en.lproj/InfoPlist.strings; sourceTree = "<group>"; };
		36BDE52E194BA5FF002C24F2 /* DriveTestAppTests.m */ = {isa = PBXFileReference; lastKnownFileType = sourcecode.c.objc; path = DriveTestAppTests.m; sourceTree = "<group>"; };
		36BDE539194BA827002C24F2 /* GTL.xcodeproj */ = {isa = PBXFileReference; lastKnownFileType = "wrapper.pb-project"; path = GTL.xcodeproj; sourceTree = "<group>"; };
		36BDEF0C194BA87E002C24F2 /* Security.framework */ = {isa = PBXFileReference; lastKnownFileType = wrapper.framework; name = Security.framework; path = System/Library/Frameworks/Security.framework; sourceTree = SDKROOT; };
		36BDEF0E194BA883002C24F2 /* MobileCoreServices.framework */ = {isa = PBXFileReference; lastKnownFileType = wrapper.framework; name = MobileCoreServices.framework; path = System/Library/Frameworks/MobileCoreServices.framework; sourceTree = SDKROOT; };
		36BDEF10194BA88E002C24F2 /* SystemConfiguration.framework */ = {isa = PBXFileReference; lastKnownFileType = wrapper.framework; name = SystemConfiguration.framework; path = System/Library/Frameworks/SystemConfiguration.framework; sourceTree = SDKROOT; };
		36BDEF12194BA9A3002C24F2 /* GTMOAuth2ViewTouch.xib */ = {isa = PBXFileReference; fileEncoding = 4; lastKnownFileType = file.xib; name = GTMOAuth2ViewTouch.xib; path = DriveSDK/OAuth2/Touch/GTMOAuth2ViewTouch.xib; sourceTree = SOURCE_ROOT; };
		36BDEF14194BA9E8002C24F2 /* GTLDrive_Sources.m */ = {isa = PBXFileReference; fileEncoding = 4; lastKnownFileType = sourcecode.c.objc; name = GTLDrive_Sources.m; path = Services/Drive/Generated/GTLDrive_Sources.m; sourceTree = "<group>"; };
		36BDEF15194BA9E8002C24F2 /* GTLDrive.h */ = {isa = PBXFileReference; fileEncoding = 4; lastKnownFileType = sourcecode.c.h; name = GTLDrive.h; path = Services/Drive/Generated/GTLDrive.h; sourceTree = "<group>"; };
/* End PBXFileReference section */

/* Begin PBXFrameworksBuildPhase section */
		36BDE4FD194BA5FF002C24F2 /* Frameworks */ = {
			isa = PBXFrameworksBuildPhase;
			buildActionMask = 2147483647;
			files = (
				36BDEF11194BA88E002C24F2 /* SystemConfiguration.framework in Frameworks */,
				36BDEF0F194BA883002C24F2 /* MobileCoreServices.framework in Frameworks */,
				36BDEF0D194BA87E002C24F2 /* Security.framework in Frameworks */,
				36BDEF0B194BA874002C24F2 /* libGTLTouchStaticLib.a in Frameworks */,
				36BDE506194BA5FF002C24F2 /* CoreGraphics.framework in Frameworks */,
				36BDE508194BA5FF002C24F2 /* UIKit.framework in Frameworks */,
				36BDE504194BA5FF002C24F2 /* Foundation.framework in Frameworks */,
			);
			runOnlyForDeploymentPostprocessing = 0;
		};
		36BDE51E194BA5FF002C24F2 /* Frameworks */ = {
			isa = PBXFrameworksBuildPhase;
			buildActionMask = 2147483647;
			files = (
				36BDE523194BA5FF002C24F2 /* XCTest.framework in Frameworks */,
				36BDE525194BA5FF002C24F2 /* UIKit.framework in Frameworks */,
				36BDE524194BA5FF002C24F2 /* Foundation.framework in Frameworks */,
			);
			runOnlyForDeploymentPostprocessing = 0;
		};
/* End PBXFrameworksBuildPhase section */

/* Begin PBXGroup section */
		36BDE4F7194BA5FF002C24F2 = {
			isa = PBXGroup;
			children = (
				36BDE509194BA5FF002C24F2 /* DriveTestApp */,
				36BDE528194BA5FF002C24F2 /* DriveTestAppTests */,
				36BDE502194BA5FF002C24F2 /* Frameworks */,
				36BDE501194BA5FF002C24F2 /* Products */,
			);
			sourceTree = "<group>";
		};
		36BDE501194BA5FF002C24F2 /* Products */ = {
			isa = PBXGroup;
			children = (
				36BDE500194BA5FF002C24F2 /* DriveTestApp.app */,
				36BDE521194BA5FF002C24F2 /* DriveTestAppTests.xctest */,
			);
			name = Products;
			sourceTree = "<group>";
		};
		36BDE502194BA5FF002C24F2 /* Frameworks */ = {
			isa = PBXGroup;
			children = (
				36BDEF10194BA88E002C24F2 /* SystemConfiguration.framework */,
				36BDEF0E194BA883002C24F2 /* MobileCoreServices.framework */,
				36BDEF0C194BA87E002C24F2 /* Security.framework */,
				36BDE503194BA5FF002C24F2 /* Foundation.framework */,
				36BDE505194BA5FF002C24F2 /* CoreGraphics.framework */,
				36BDE507194BA5FF002C24F2 /* UIKit.framework */,
				36BDE522194BA5FF002C24F2 /* XCTest.framework */,
			);
			name = Frameworks;
			sourceTree = "<group>";
		};
		36BDE509194BA5FF002C24F2 /* DriveTestApp */ = {
			isa = PBXGroup;
			children = (
				36BDE538194BA827002C24F2 /* DriveSDK */,
				36BDE512194BA5FF002C24F2 /* DTAAppDelegate.h */,
				36BDE513194BA5FF002C24F2 /* DTAAppDelegate.m */,
				36BDE515194BA5FF002C24F2 /* Main.storyboard */,
				36BDE518194BA5FF002C24F2 /* DTAViewController.h */,
				36BDE519194BA5FF002C24F2 /* DTAViewController.m */,
				36BDE51B194BA5FF002C24F2 /* Images.xcassets */,
				36BDE50A194BA5FF002C24F2 /* Supporting Files */,
			);
			path = DriveTestApp;
			sourceTree = "<group>";
		};
		36BDE50A194BA5FF002C24F2 /* Supporting Files */ = {
			isa = PBXGroup;
			children = (
				36BDEF12194BA9A3002C24F2 /* GTMOAuth2ViewTouch.xib */,
				36BDE50B194BA5FF002C24F2 /* DriveTestApp-Info.plist */,
				36BDE50C194BA5FF002C24F2 /* InfoPlist.strings */,
				36BDE50F194BA5FF002C24F2 /* main.m */,
				36BDE511194BA5FF002C24F2 /* DriveTestApp-Prefix.pch */,
			);
			name = "Supporting Files";
			sourceTree = "<group>";
		};
		36BDE528194BA5FF002C24F2 /* DriveTestAppTests */ = {
			isa = PBXGroup;
			children = (
				36BDE52E194BA5FF002C24F2 /* DriveTestAppTests.m */,
				36BDE529194BA5FF002C24F2 /* Supporting Files */,
			);
			path = DriveTestAppTests;
			sourceTree = "<group>";
		};
		36BDE529194BA5FF002C24F2 /* Supporting Files */ = {
			isa = PBXGroup;
			children = (
				36BDE52A194BA5FF002C24F2 /* DriveTestAppTests-Info.plist */,
				36BDE52B194BA5FF002C24F2 /* InfoPlist.strings */,
			);
			name = "Supporting Files";
			sourceTree = "<group>";
		};
		36BDE538194BA827002C24F2 /* DriveSDK */ = {
			isa = PBXGroup;
			children = (
				36BDEF14194BA9E8002C24F2 /* GTLDrive_Sources.m */,
				36BDEF15194BA9E8002C24F2 /* GTLDrive.h */,
				36BDE539194BA827002C24F2 /* GTL.xcodeproj */,
			);
			path = DriveSDK;
			sourceTree = SOURCE_ROOT;
		};
		36BDE53A194BA827002C24F2 /* Products */ = {
			isa = PBXGroup;
			children = (
				36BDEEF3194BA82B002C24F2 /* GTL.framework */,
				36BDEEF5194BA82B002C24F2 /* libGTLTouchStaticLib.a */,
				36BDEEF7194BA82B002C24F2 /* GTLUnitTests.xctest */,
				36BDEEF9194BA82B002C24F2 /* DevelopmentTestTool */,
			);
			name = Products;
			sourceTree = "<group>";
		};
/* End PBXGroup section */

/* Begin PBXNativeTarget section */
		36BDE4FF194BA5FF002C24F2 /* DriveTestApp */ = {
			isa = PBXNativeTarget;
			buildConfigurationList = 36BDE532194BA5FF002C24F2 /* Build configuration list for PBXNativeTarget "DriveTestApp" */;
			buildPhases = (
				36BDE4FC194BA5FF002C24F2 /* Sources */,
				36BDE4FD194BA5FF002C24F2 /* Frameworks */,
				36BDE4FE194BA5FF002C24F2 /* Resources */,
			);
			buildRules = (
			);
			dependencies = (
			);
			name = DriveTestApp;
			productName = DriveTestApp;
			productReference = 36BDE500194BA5FF002C24F2 /* DriveTestApp.app */;
			productType = "com.apple.product-type.application";
		};
		36BDE520194BA5FF002C24F2 /* DriveTestAppTests */ = {
			isa = PBXNativeTarget;
			buildConfigurationList = 36BDE535194BA5FF002C24F2 /* Build configuration list for PBXNativeTarget "DriveTestAppTests" */;
			buildPhases = (
				36BDE51D194BA5FF002C24F2 /* Sources */,
				36BDE51E194BA5FF002C24F2 /* Frameworks */,
				36BDE51F194BA5FF002C24F2 /* Resources */,
			);
			buildRules = (
			);
			dependencies = (
				36BDE527194BA5FF002C24F2 /* PBXTargetDependency */,
			);
			name = DriveTestAppTests;
			productName = DriveTestAppTests;
			productReference = 36BDE521194BA5FF002C24F2 /* DriveTestAppTests.xctest */;
			productType = "com.apple.product-type.bundle.unit-test";
		};
/* End PBXNativeTarget section */

/* Begin PBXProject section */
		36BDE4F8194BA5FF002C24F2 /* Project object */ = {
			isa = PBXProject;
			attributes = {
				CLASSPREFIX = DTA;
				LastUpgradeCheck = 0510;
				ORGANIZATIONNAME = Avici;
				TargetAttributes = {
					36BDE520194BA5FF002C24F2 = {
						TestTargetID = 36BDE4FF194BA5FF002C24F2;
					};
				};
			};
			buildConfigurationList = 36BDE4FB194BA5FF002C24F2 /* Build configuration list for PBXProject "DriveTestApp" */;
			compatibilityVersion = "Xcode 3.2";
			developmentRegion = English;
			hasScannedForEncodings = 0;
			knownRegions = (
				en,
				Base,
			);
			mainGroup = 36BDE4F7194BA5FF002C24F2;
			productRefGroup = 36BDE501194BA5FF002C24F2 /* Products */;
			projectDirPath = "";
			projectReferences = (
				{
					ProductGroup = 36BDE53A194BA827002C24F2 /* Products */;
					ProjectRef = 36BDE539194BA827002C24F2 /* GTL.xcodeproj */;
				},
			);
			projectRoot = "";
			targets = (
				36BDE4FF194BA5FF002C24F2 /* DriveTestApp */,
				36BDE520194BA5FF002C24F2 /* DriveTestAppTests */,
			);
		};
/* End PBXProject section */

/* Begin PBXReferenceProxy section */
		36BDEEF3194BA82B002C24F2 /* GTL.framework */ = {
			isa = PBXReferenceProxy;
			fileType = wrapper.framework;
			path = GTL.framework;
			remoteRef = 36BDEEF2194BA82B002C24F2 /* PBXContainerItemProxy */;
			sourceTree = BUILT_PRODUCTS_DIR;
		};
		36BDEEF5194BA82B002C24F2 /* libGTLTouchStaticLib.a */ = {
			isa = PBXReferenceProxy;
			fileType = archive.ar;
			path = libGTLTouchStaticLib.a;
			remoteRef = 36BDEEF4194BA82B002C24F2 /* PBXContainerItemProxy */;
			sourceTree = BUILT_PRODUCTS_DIR;
		};
		36BDEEF7194BA82B002C24F2 /* GTLUnitTests.xctest */ = {
			isa = PBXReferenceProxy;
			fileType = wrapper.cfbundle;
			path = GTLUnitTests.xctest;
			remoteRef = 36BDEEF6194BA82B002C24F2 /* PBXContainerItemProxy */;
			sourceTree = BUILT_PRODUCTS_DIR;
		};
		36BDEEF9194BA82B002C24F2 /* DevelopmentTestTool */ = {
			isa = PBXReferenceProxy;
			fileType = "compiled.mach-o.executable";
			path = DevelopmentTestTool;
			remoteRef = 36BDEEF8194BA82B002C24F2 /* PBXContainerItemProxy */;
			sourceTree = BUILT_PRODUCTS_DIR;
		};
/* End PBXReferenceProxy section */

/* Begin PBXResourcesBuildPhase section */
		36BDE4FE194BA5FF002C24F2 /* Resources */ = {
			isa = PBXResourcesBuildPhase;
			buildActionMask = 2147483647;
			files = (
				36BDEF13194BA9A3002C24F2 /* GTMOAuth2ViewTouch.xib in Resources */,
				36BDE51C194BA5FF002C24F2 /* Images.xcassets in Resources */,
				36BDE50E194BA5FF002C24F2 /* InfoPlist.strings in Resources */,
				36BDE517194BA5FF002C24F2 /* Main.storyboard in Resources */,
			);
			runOnlyForDeploymentPostprocessing = 0;
		};
		36BDE51F194BA5FF002C24F2 /* Resources */ = {
			isa = PBXResourcesBuildPhase;
			buildActionMask = 2147483647;
			files = (
				36BDE52D194BA5FF002C24F2 /* InfoPlist.strings in Resources */,
			);
			runOnlyForDeploymentPostprocessing = 0;
		};
/* End PBXResourcesBuildPhase section */

/* Begin PBXSourcesBuildPhase section */
		36BDE4FC194BA5FF002C24F2 /* Sources */ = {
			isa = PBXSourcesBuildPhase;
			buildActionMask = 2147483647;
			files = (
				36BDE514194BA5FF002C24F2 /* DTAAppDelegate.m in Sources */,
				36BDEF16194BA9E8002C24F2 /* GTLDrive_Sources.m in Sources */,
				36BDE51A194BA5FF002C24F2 /* DTAViewController.m in Sources */,
				36BDE510194BA5FF002C24F2 /* main.m in Sources */,
			);
			runOnlyForDeploymentPostprocessing = 0;
		};
		36BDE51D194BA5FF002C24F2 /* Sources */ = {
			isa = PBXSourcesBuildPhase;
			buildActionMask = 2147483647;
			files = (
				36BDE52F194BA5FF002C24F2 /* DriveTestAppTests.m in Sources */,
			);
			runOnlyForDeploymentPostprocessing = 0;
		};
/* End PBXSourcesBuildPhase section */

/* Begin PBXTargetDependency section */
		36BDE527194BA5FF002C24F2 /* PBXTargetDependency */ = {
			isa = PBXTargetDependency;
			target = 36BDE4FF194BA5FF002C24F2 /* DriveTestApp */;
			targetProxy = 36BDE526194BA5FF002C24F2 /* PBXContainerItemProxy */;
		};
/* End PBXTargetDependency section */

/* Begin PBXVariantGroup section */
		36BDE50C194BA5FF002C24F2 /* InfoPlist.strings */ = {
			isa = PBXVariantGroup;
			children = (
				36BDE50D194BA5FF002C24F2 /* en */,
			);
			name = InfoPlist.strings;
			sourceTree = "<group>";
		};
		36BDE515194BA5FF002C24F2 /* Main.storyboard */ = {
			isa = PBXVariantGroup;
			children = (
				36BDE516194BA5FF002C24F2 /* Base */,
			);
			name = Main.storyboard;
			sourceTree = "<group>";
		};
		36BDE52B194BA5FF002C24F2 /* InfoPlist.strings */ = {
			isa = PBXVariantGroup;
			children = (
				36BDE52C194BA5FF002C24F2 /* en */,
			);
			name = InfoPlist.strings;
			sourceTree = "<group>";
		};
/* End PBXVariantGroup section */

/* Begin XCBuildConfiguration section */
		36BDE530194BA5FF002C24F2 /* Debug */ = {
			isa = XCBuildConfiguration;
			buildSettings = {
				ALWAYS_SEARCH_USER_PATHS = NO;
				CLANG_CXX_LANGUAGE_STANDARD = "gnu++0x";
				CLANG_CXX_LIBRARY = "libc++";
				CLANG_ENABLE_MODULES = YES;
				CLANG_ENABLE_OBJC_ARC = YES;
				CLANG_WARN_BOOL_CONVERSION = YES;
				CLANG_WARN_CONSTANT_CONVERSION = YES;
				CLANG_WARN_DIRECT_OBJC_ISA_USAGE = YES_ERROR;
				CLANG_WARN_EMPTY_BODY = YES;
				CLANG_WARN_ENUM_CONVERSION = YES;
				CLANG_WARN_INT_CONVERSION = YES;
				CLANG_WARN_OBJC_ROOT_CLASS = YES_ERROR;
				CLANG_WARN__DUPLICATE_METHOD_MATCH = YES;
				"CODE_SIGN_IDENTITY[sdk=iphoneos*]" = "iPhone Developer";
				COPY_PHASE_STRIP = NO;
				GCC_C_LANGUAGE_STANDARD = gnu99;
				GCC_DYNAMIC_NO_PIC = NO;
				GCC_OPTIMIZATION_LEVEL = 0;
				GCC_PREPROCESSOR_DEFINITIONS = (
					"DEBUG=1",
					"$(inherited)",
				);
				GCC_SYMBOLS_PRIVATE_EXTERN = NO;
				GCC_WARN_64_TO_32_BIT_CONVERSION = YES;
				GCC_WARN_ABOUT_RETURN_TYPE = YES_ERROR;
				GCC_WARN_UNDECLARED_SELECTOR = YES;
				GCC_WARN_UNINITIALIZED_AUTOS = YES_AGGRESSIVE;
				GCC_WARN_UNUSED_FUNCTION = YES;
				GCC_WARN_UNUSED_VARIABLE = YES;
				IPHONEOS_DEPLOYMENT_TARGET = 7.1;
				ONLY_ACTIVE_ARCH = YES;
				SDKROOT = iphoneos;
			};
			name = Debug;
		};
		36BDE531194BA5FF002C24F2 /* Release */ = {
			isa = XCBuildConfiguration;
			buildSettings = {
				ALWAYS_SEARCH_USER_PATHS = NO;
				CLANG_CXX_LANGUAGE_STANDARD = "gnu++0x";
				CLANG_CXX_LIBRARY = "libc++";
				CLANG_ENABLE_MODULES = YES;
				CLANG_ENABLE_OBJC_ARC = YES;
				CLANG_WARN_BOOL_CONVERSION = YES;
				CLANG_WARN_CONSTANT_CONVERSION = YES;
				CLANG_WARN_DIRECT_OBJC_ISA_USAGE = YES_ERROR;
				CLANG_WARN_EMPTY_BODY = YES;
				CLANG_WARN_ENUM_CONVERSION = YES;
				CLANG_WARN_INT_CONVERSION = YES;
				CLANG_WARN_OBJC_ROOT_CLASS = YES_ERROR;
				CLANG_WARN__DUPLICATE_METHOD_MATCH = YES;
				"CODE_SIGN_IDENTITY[sdk=iphoneos*]" = "iPhone Developer";
				COPY_PHASE_STRIP = YES;
				ENABLE_NS_ASSERTIONS = NO;
				GCC_C_LANGUAGE_STANDARD = gnu99;
				GCC_WARN_64_TO_32_BIT_CONVERSION = YES;
				GCC_WARN_ABOUT_RETURN_TYPE = YES_ERROR;
				GCC_WARN_UNDECLARED_SELECTOR = YES;
				GCC_WARN_UNINITIALIZED_AUTOS = YES_AGGRESSIVE;
				GCC_WARN_UNUSED_FUNCTION = YES;
				GCC_WARN_UNUSED_VARIABLE = YES;
				IPHONEOS_DEPLOYMENT_TARGET = 7.1;
				SDKROOT = iphoneos;
				VALIDATE_PRODUCT = YES;
			};
			name = Release;
		};
		36BDE533194BA5FF002C24F2 /* Debug */ = {
			isa = XCBuildConfiguration;
			buildSettings = {
				ASSETCATALOG_COMPILER_APPICON_NAME = AppIcon;
				ASSETCATALOG_COMPILER_LAUNCHIMAGE_NAME = LaunchImage;
				GCC_PRECOMPILE_PREFIX_HEADER = YES;
				GCC_PREFIX_HEADER = "DriveTestApp/DriveTestApp-Prefix.pch";
				HEADER_SEARCH_PATHS = (
					"$(SRCROOT)/DriveSDK/**",
					"$(inherited)",
					/Applications/Xcode.app/Contents/Developer/Toolchains/XcodeDefault.xctoolchain/usr/include,
				);
				INFOPLIST_FILE = "DriveTestApp/DriveTestApp-Info.plist";
				OTHER_LDFLAGS = (
					"-all_load",
					"-ObjC",
				);
				PRODUCT_NAME = "$(TARGET_NAME)";
				WRAPPER_EXTENSION = app;
			};
			name = Debug;
		};
		36BDE534194BA5FF002C24F2 /* Release */ = {
			isa = XCBuildConfiguration;
			buildSettings = {
				ASSETCATALOG_COMPILER_APPICON_NAME = AppIcon;
				ASSETCATALOG_COMPILER_LAUNCHIMAGE_NAME = LaunchImage;
				GCC_PRECOMPILE_PREFIX_HEADER = YES;
				GCC_PREFIX_HEADER = "DriveTestApp/DriveTestApp-Prefix.pch";
				HEADER_SEARCH_PATHS = (
					"$(SRCROOT)/DriveSDK/**",
					"$(inherited)",
					/Applications/Xcode.app/Contents/Developer/Toolchains/XcodeDefault.xctoolchain/usr/include,
				);
				INFOPLIST_FILE = "DriveTestApp/DriveTestApp-Info.plist";
				OTHER_LDFLAGS = (
					"-all_load",
					"-ObjC",
				);
				PRODUCT_NAME = "$(TARGET_NAME)";
				WRAPPER_EXTENSION = app;
			};
			name = Release;
		};
		36BDE536194BA5FF002C24F2 /* Debug */ = {
			isa = XCBuildConfiguration;
			buildSettings = {
				BUNDLE_LOADER = "$(BUILT_PRODUCTS_DIR)/DriveTestApp.app/DriveTestApp";
				FRAMEWORK_SEARCH_PATHS = (
					"$(SDKROOT)/Developer/Library/Frameworks",
					"$(inherited)",
					"$(DEVELOPER_FRAMEWORKS_DIR)",
				);
				GCC_PRECOMPILE_PREFIX_HEADER = YES;
				GCC_PREFIX_HEADER = "DriveTestApp/DriveTestApp-Prefix.pch";
				GCC_PREPROCESSOR_DEFINITIONS = (
					"DEBUG=1",
					"$(inherited)",
				);
				INFOPLIST_FILE = "DriveTestAppTests/DriveTestAppTests-Info.plist";
				PRODUCT_NAME = "$(TARGET_NAME)";
				TEST_HOST = "$(BUNDLE_LOADER)";
				WRAPPER_EXTENSION = xctest;
			};
			name = Debug;
		};
		36BDE537194BA5FF002C24F2 /* Release */ = {
			isa = XCBuildConfiguration;
			buildSettings = {
				BUNDLE_LOADER = "$(BUILT_PRODUCTS_DIR)/DriveTestApp.app/DriveTestApp";
				FRAMEWORK_SEARCH_PATHS = (
					"$(SDKROOT)/Developer/Library/Frameworks",
					"$(inherited)",
					"$(DEVELOPER_FRAMEWORKS_DIR)",
				);
				GCC_PRECOMPILE_PREFIX_HEADER = YES;
				GCC_PREFIX_HEADER = "DriveTestApp/DriveTestApp-Prefix.pch";
				INFOPLIST_FILE = "DriveTestAppTests/DriveTestAppTests-Info.plist";
				PRODUCT_NAME = "$(TARGET_NAME)";
				TEST_HOST = "$(BUNDLE_LOADER)";
				WRAPPER_EXTENSION = xctest;
			};
			name = Release;
		};
/* End XCBuildConfiguration section */

/* Begin XCConfigurationList section */
		36BDE4FB194BA5FF002C24F2 /* Build configuration list for PBXProject "DriveTestApp" */ = {
			isa = XCConfigurationList;
			buildConfigurations = (
				36BDE530194BA5FF002C24F2 /* Debug */,
				36BDE531194BA5FF002C24F2 /* Release */,
			);
			defaultConfigurationIsVisible = 0;
			defaultConfigurationName = Release;
		};
		36BDE532194BA5FF002C24F2 /* Build configuration list for PBXNativeTarget "DriveTestApp" */ = {
			isa = XCConfigurationList;
			buildConfigurations = (
				36BDE533194BA5FF002C24F2 /* Debug */,
				36BDE534194BA5FF002C24F2 /* Release */,
			);
			defaultConfigurationIsVisible = 0;
			defaultConfigurationName = Release;
		};
		36BDE535194BA5FF002C24F2 /* Build configuration list for PBXNativeTarget "DriveTestAppTests" */ = {
			isa = XCConfigurationList;
			buildConfigurations = (
				36BDE536194BA5FF002C24F2 /* Debug */,
				36BDE537194BA5FF002C24F2 /* Release */,
			);
			defaultConfigurationIsVisible = 0;
			defaultConfigurationName = Release;
		};
/* End XCConfigurationList section */
	};
	rootObject = 36BDE4F8194BA5FF002C24F2 /* Project object */;
}
